
Microsoft Visual Studio Solution File, Format Version 12.00
# Visual Studio Version 17
VisualStudioVersion = 17.11.35219.272
MinimumVisualStudioVersion = 10.0.40219.1
Project("{FAE04EC0-301F-11D3-BF4B-00C04F79EFBC}") = "TaskHive_HelperService", "TaskHive_HelperService\TaskHive_HelperService.csproj", "{27DA39F8-4965-4B7E-B2F3-3749A4D4E776}"
EndProject
Global
	GlobalSection(SolutionConfigurationPlatforms) = preSolution
		Debug|Any CPU = Debug|Any CPU
		Release|Any CPU = Release|Any CPU
	EndGlobalSection
	GlobalSection(ProjectConfigurationPlatforms) = postSolution
		{27DA39F8-4965-4B7E-B2F3-3749A4D4E776}.Debug|Any CPU.ActiveCfg = Debug|Any CPU
		{27DA39F8-4965-4B7E-B2F3-3749A4D4E776}.Debug|Any CPU.Build.0 = Debug|Any CPU
		{27DA39F8-4965-4B7E-B2F3-3749A4D4E776}.Release|Any CPU.ActiveCfg = Release|Any CPU
		{27DA39F8-4965-4B7E-B2F3-3749A4D4E776}.Release|Any CPU.Build.0 = Release|Any CPU
	EndGlobalSection
	GlobalSection(SolutionProperties) = preSolution
		HideSolutionNode = FALSE
	EndGlobalSection
	GlobalSection(ExtensibilityGlobals) = postSolution
		SolutionGuid = {2501D940-FF3C-49ED-A744-4370F036D419}
	EndGlobalSection
EndGlobal
